
Microsoft Visual Studio Solution File, Format Version 12.00
# Visual Studio Version 17
VisualStudioVersion = 17.1.32319.34
MinimumVisualStudioVersion = 10.0.40219.1
Project("{FAE04EC0-301F-11D3-BF4B-00C04F79EFBC}") = "Final_Task_Module_14", "Final_Task_Module_14.csproj", "{8EC8612F-5F41-41A5-88BA-8100E1A86C11}"
EndProject
Global
	GlobalSection(SolutionConfigurationPlatforms) = preSolution
		Debug|Any CPU = Debug|Any CPU
		Release|Any CPU = Release|Any CPU
	EndGlobalSection
	GlobalSection(ProjectConfigurationPlatforms) = postSolution
		{8EC8612F-5F41-41A5-88BA-8100E1A86C11}.Debug|Any CPU.ActiveCfg = Debug|Any CPU
		{8EC8612F-5F41-41A5-88BA-8100E1A86C11}.Debug|Any CPU.Build.0 = Debug|Any CPU
		{8EC8612F-5F41-41A5-88BA-8100E1A86C11}.Release|Any CPU.ActiveCfg = Release|Any CPU
		{8EC8612F-5F41-41A5-88BA-8100E1A86C11}.Release|Any CPU.Build.0 = Release|Any CPU
	EndGlobalSection
	GlobalSection(SolutionProperties) = preSolution
		HideSolutionNode = FALSE
	EndGlobalSection
	GlobalSection(ExtensibilityGlobals) = postSolution
		SolutionGuid = {F2547C08-84EB-48E0-819C-448E220A3C01}
	EndGlobalSection
EndGlobal
